
Microsoft Visual Studio Solution File, Format Version 12.00
# Visual Studio Version 16
VisualStudioVersion = 16.0.29009.5
MinimumVisualStudioVersion = 10.0.40219.1
Project("{FAE04EC0-301F-11D3-BF4B-00C04F79EFBC}") = "madduck", "madduck.csproj", "{DC9D341F-9820-4833-9E43-FADC103B5D04}"
EndProject
Global
	GlobalSection(SolutionConfigurationPlatforms) = preSolution
		Debug|Any CPU = Debug|Any CPU
		Release|Any CPU = Release|Any CPU
	EndGlobalSection
	GlobalSection(ProjectConfigurationPlatforms) = postSolution
		{DC9D341F-9820-4833-9E43-FADC103B5D04}.Debug|Any CPU.ActiveCfg = Debug|Any CPU
		{DC9D341F-9820-4833-9E43-FADC103B5D04}.Debug|Any CPU.Build.0 = Debug|Any CPU
		{DC9D341F-9820-4833-9E43-FADC103B5D04}.Release|Any CPU.ActiveCfg = Release|Any CPU
		{DC9D341F-9820-4833-9E43-FADC103B5D04}.Release|Any CPU.Build.0 = Release|Any CPU
	EndGlobalSection
	GlobalSection(SolutionProperties) = preSolution
		HideSolutionNode = FALSE
	EndGlobalSection
	GlobalSection(ExtensibilityGlobals) = postSolution
		SolutionGuid = {8F8FA9D5-9AF3-4680-85FF-DE952D58EAC5}
	EndGlobalSection
EndGlobal
